
Microsoft Visual Studio Solution File, Format Version 12.00
# Visual Studio 15
VisualStudioVersion = 15.0.27703.2042
MinimumVisualStudioVersion = 10.0.40219.1
Project("{FAE04EC0-301F-11D3-BF4B-00C04F79EFBC}") = "WcfServer", "WcfServer\WcfServer.csproj", "{68C771F0-70FF-4795-81A0-0CA081617BCC}"
EndProject
Project("{FAE04EC0-301F-11D3-BF4B-00C04F79EFBC}") = "WcfClient", "WcfClient\WcfClient.csproj", "{6DF9E29A-462C-4938-99FD-5945AEE29BAD}"
	ProjectSection(ProjectDependencies) = postProject
		{68C771F0-70FF-4795-81A0-0CA081617BCC} = {68C771F0-70FF-4795-81A0-0CA081617BCC}
	EndProjectSection
EndProject
Global
	GlobalSection(SolutionConfigurationPlatforms) = preSolution
		Debug|Any CPU = Debug|Any CPU
		Release|Any CPU = Release|Any CPU
	EndGlobalSection
	GlobalSection(ProjectConfigurationPlatforms) = postSolution
		{68C771F0-70FF-4795-81A0-0CA081617BCC}.Debug|Any CPU.ActiveCfg = Debug|Any CPU
		{68C771F0-70FF-4795-81A0-0CA081617BCC}.Debug|Any CPU.Build.0 = Debug|Any CPU
		{68C771F0-70FF-4795-81A0-0CA081617BCC}.Release|Any CPU.ActiveCfg = Release|Any CPU
		{68C771F0-70FF-4795-81A0-0CA081617BCC}.Release|Any CPU.Build.0 = Release|Any CPU
		{6DF9E29A-462C-4938-99FD-5945AEE29BAD}.Debug|Any CPU.ActiveCfg = Debug|Any CPU
		{6DF9E29A-462C-4938-99FD-5945AEE29BAD}.Debug|Any CPU.Build.0 = Debug|Any CPU
		{6DF9E29A-462C-4938-99FD-5945AEE29BAD}.Release|Any CPU.ActiveCfg = Release|Any CPU
		{6DF9E29A-462C-4938-99FD-5945AEE29BAD}.Release|Any CPU.Build.0 = Release|Any CPU
	EndGlobalSection
	GlobalSection(SolutionProperties) = preSolution
		HideSolutionNode = FALSE
	EndGlobalSection
	GlobalSection(ExtensibilityGlobals) = postSolution
		SolutionGuid = {DF864149-EED5-4CA0-B885-D5352730B338}
	EndGlobalSection
EndGlobal
